// !$*UTF8*$!
{
	archiveVersion = 1;
	classes = {
	};
	objectVersion = 50;
	objects = {

/* Begin PBXBuildFile section */
		9785252625FAB85C002DD243 /* DesignCodeCourseApp.swift in Sources */ = {isa = PBXBuildFile; fileRef = 9785251325FAB859002DD243 /* DesignCodeCourseApp.swift */; };
		9785252725FAB85C002DD243 /* DesignCodeCourseApp.swift in Sources */ = {isa = PBXBuildFile; fileRef = 9785251325FAB859002DD243 /* DesignCodeCourseApp.swift */; };
		9785252825FAB85C002DD243 /* ContentView.swift in Sources */ = {isa = PBXBuildFile; fileRef = 9785251425FAB859002DD243 /* ContentView.swift */; };
		9785252925FAB85C002DD243 /* ContentView.swift in Sources */ = {isa = PBXBuildFile; fileRef = 9785251425FAB859002DD243 /* ContentView.swift */; };
		9785252A25FAB85C002DD243 /* Assets.xcassets in Resources */ = {isa = PBXBuildFile; fileRef = 9785251525FAB85C002DD243 /* Assets.xcassets */; };
		9785252B25FAB85C002DD243 /* Assets.xcassets in Resources */ = {isa = PBXBuildFile; fileRef = 9785251525FAB85C002DD243 /* Assets.xcassets */; };
/* End PBXBuildFile section */

/* Begin PBXFileReference section */
		9785251325FAB859002DD243 /* DesignCodeCourseApp.swift */ = {isa = PBXFileReference; lastKnownFileType = sourcecode.swift; path = DesignCodeCourseApp.swift; sourceTree = "<group>"; };
		9785251425FAB859002DD243 /* ContentView.swift */ = {isa = PBXFileReference; lastKnownFileType = sourcecode.swift; path = ContentView.swift; sourceTree = "<group>"; };
		9785251525FAB85C002DD243 /* Assets.xcassets */ = {isa = PBXFileReference; lastKnownFileType = folder.assetcatalog; path = Assets.xcassets; sourceTree = "<group>"; };
		9785251A25FAB85C002DD243 /* DesignCodeCourse.app */ = {isa = PBXFileReference; explicitFileType = wrapper.application; includeInIndex = 0; path = DesignCodeCourse.app; sourceTree = BUILT_PRODUCTS_DIR; };
		9785251D25FAB85C002DD243 /* Info.plist */ = {isa = PBXFileReference; lastKnownFileType = text.plist.xml; path = Info.plist; sourceTree = "<group>"; };
		9785252225FAB85C002DD243 /* DesignCodeCourse.app */ = {isa = PBXFileReference; explicitFileType = wrapper.application; includeInIndex = 0; path = DesignCodeCourse.app; sourceTree = BUILT_PRODUCTS_DIR; };
		9785252425FAB85C002DD243 /* Info.plist */ = {isa = PBXFileReference; lastKnownFileType = text.plist.xml; path = Info.plist; sourceTree = "<group>"; };
		9785252525FAB85C002DD243 /* macOS.entitlements */ = {isa = PBXFileReference; lastKnownFileType = text.plist.entitlements; path = macOS.entitlements; sourceTree = "<group>"; };
/* End PBXFileReference section */

/* Begin PBXFrameworksBuildPhase section */
		9785251725FAB85C002DD243 /* Frameworks */ = {
			isa = PBXFrameworksBuildPhase;
			buildActionMask = 2147483647;
			files = (
			);
			runOnlyForDeploymentPostprocessing = 0;
		};
		9785251F25FAB85C002DD243 /* Frameworks */ = {
			isa = PBXFrameworksBuildPhase;
			buildActionMask = 2147483647;
			files = (
			);
			runOnlyForDeploymentPostprocessing = 0;
		};
/* End PBXFrameworksBuildPhase section */

/* Begin PBXGroup section */
		9785250D25FAB859002DD243 = {
			isa = PBXGroup;
			children = (
				9785251225FAB859002DD243 /* Shared */,
				9785251C25FAB85C002DD243 /* iOS */,
				9785252325FAB85C002DD243 /* macOS */,
				9785251B25FAB85C002DD243 /* Products */,
			);
			sourceTree = "<group>";
		};
		9785251225FAB859002DD243 /* Shared */ = {
			isa = PBXGroup;
			children = (
				9785251325FAB859002DD243 /* DesignCodeCourseApp.swift */,
				9785251425FAB859002DD243 /* ContentView.swift */,
				9785251525FAB85C002DD243 /* Assets.xcassets */,
			);
			path = Shared;
			sourceTree = "<group>";
		};
		9785251B25FAB85C002DD243 /* Products */ = {
			isa = PBXGroup;
			children = (
				9785251A25FAB85C002DD243 /* DesignCodeCourse.app */,
				9785252225FAB85C002DD243 /* DesignCodeCourse.app */,
			);
			name = Products;
			sourceTree = "<group>";
		};
		9785251C25FAB85C002DD243 /* iOS */ = {
			isa = PBXGroup;
			children = (
				9785251D25FAB85C002DD243 /* Info.plist */,
			);
			path = iOS;
			sourceTree = "<group>";
		};
		9785252325FAB85C002DD243 /* macOS */ = {
			isa = PBXGroup;
			children = (
				9785252425FAB85C002DD243 /* Info.plist */,
				9785252525FAB85C002DD243 /* macOS.entitlements */,
			);
			path = macOS;
			sourceTree = "<group>";
		};
/* End PBXGroup section */

/* Begin PBXNativeTarget section */
		9785251925FAB85C002DD243 /* DesignCodeCourse (iOS) */ = {
			isa = PBXNativeTarget;
			buildConfigurationList = 9785252E25FAB85C002DD243 /* Build configuration list for PBXNativeTarget "DesignCodeCourse (iOS)" */;
			buildPhases = (
				9785251625FAB85C002DD243 /* Sources */,
				9785251725FAB85C002DD243 /* Frameworks */,
				9785251825FAB85C002DD243 /* Resources */,
			);
			buildRules = (
			);
			dependencies = (
			);
			name = "DesignCodeCourse (iOS)";
			productName = "DesignCodeCourse (iOS)";
			productReference = 9785251A25FAB85C002DD243 /* DesignCodeCourse.app */;
			productType = "com.apple.product-type.application";
		};
		9785252125FAB85C002DD243 /* DesignCodeCourse (macOS) */ = {
			isa = PBXNativeTarget;
			buildConfigurationList = 9785253125FAB85C002DD243 /* Build configuration list for PBXNativeTarget "DesignCodeCourse (macOS)" */;
			buildPhases = (
				9785251E25FAB85C002DD243 /* Sources */,
				9785251F25FAB85C002DD243 /* Frameworks */,
				9785252025FAB85C002DD243 /* Resources */,
			);
			buildRules = (
			);
			dependencies = (
			);
			name = "DesignCodeCourse (macOS)";
			productName = "DesignCodeCourse (macOS)";
			productReference = 9785252225FAB85C002DD243 /* DesignCodeCourse.app */;
			productType = "com.apple.product-type.application";
		};
/* End PBXNativeTarget section */

/* Begin PBXProject section */
		9785250E25FAB859002DD243 /* Project object */ = {
			isa = PBXProject;
			attributes = {
				LastSwiftUpdateCheck = 1240;
				LastUpgradeCheck = 1240;
				TargetAttributes = {
					9785251925FAB85C002DD243 = {
						CreatedOnToolsVersion = 12.4;
					};
					9785252125FAB85C002DD243 = {
						CreatedOnToolsVersion = 12.4;
					};
				};
			};
			buildConfigurationList = 9785251125FAB859002DD243 /* Build configuration list for PBXProject "DesignCodeCourse" */;
			compatibilityVersion = "Xcode 9.3";
			developmentRegion = en;
			hasScannedForEncodings = 0;
			knownRegions = (
				en,
				Base,
			);
			mainGroup = 9785250D25FAB859002DD243;
			productRefGroup = 9785251B25FAB85C002DD243 /* Products */;
			projectDirPath = "";
			projectRoot = "";
			targets = (
				9785251925FAB85C002DD243 /* DesignCodeCourse (iOS) */,
				9785252125FAB85C002DD243 /* DesignCodeCourse (macOS) */,
			);
		};
/* End PBXProject section */

/* Begin PBXResourcesBuildPhase section */
		9785251825FAB85C002DD243 /* Resources */ = {
			isa = PBXResourcesBuildPhase;
			buildActionMask = 2147483647;
			files = (
				9785252A25FAB85C002DD243 /* Assets.xcassets in Resources */,
			);
			runOnlyForDeploymentPostprocessing = 0;
		};
		9785252025FAB85C002DD243 /* Resources */ = {
			isa = PBXResourcesBuildPhase;
			buildActionMask = 2147483647;
			files = (
				9785252B25FAB85C002DD243 /* Assets.xcassets in Resources */,
			);
			runOnlyForDeploymentPostprocessing = 0;
		};
/* End PBXResourcesBuildPhase section */

/* Begin PBXSourcesBuildPhase section */
		9785251625FAB85C002DD243 /* Sources */ = {
			isa = PBXSourcesBuildPhase;
			buildActionMask = 2147483647;
			files = (
				9785252825FAB85C002DD243 /* ContentView.swift in Sources */,
				9785252625FAB85C002DD243 /* DesignCodeCourseApp.swift in Sources */,
			);
			runOnlyForDeploymentPostprocessing = 0;
		};
		9785251E25FAB85C002DD243 /* Sources */ = {
			isa = PBXSourcesBuildPhase;
			buildActionMask = 2147483647;
			files = (
				9785252925FAB85C002DD243 /* ContentView.swift in Sources */,
				9785252725FAB85C002DD243 /* DesignCodeCourseApp.swift in Sources */,
			);
			runOnlyForDeploymentPostprocessing = 0;
		};
/* End PBXSourcesBuildPhase section */

/* Begin XCBuildConfiguration section */
		9785252C25FAB85C002DD243 /* Debug */ = {
			isa = XCBuildConfiguration;
			buildSettings = {
				ALWAYS_SEARCH_USER_PATHS = NO;
				CLANG_ANALYZER_NONNULL = YES;
				CLANG_ANALYZER_NUMBER_OBJECT_CONVERSION = YES_AGGRESSIVE;
				CLANG_CXX_LANGUAGE_STANDARD = "gnu++14";
				CLANG_CXX_LIBRARY = "libc++";
				CLANG_ENABLE_MODULES = YES;
				CLANG_ENABLE_OBJC_ARC = YES;
				CLANG_ENABLE_OBJC_WEAK = YES;
				CLANG_WARN_BLOCK_CAPTURE_AUTORELEASING = YES;
				CLANG_WARN_BOOL_CONVERSION = YES;
				CLANG_WARN_COMMA = YES;
				CLANG_WARN_CONSTANT_CONVERSION = YES;
				CLANG_WARN_DEPRECATED_OBJC_IMPLEMENTATIONS = YES;
				CLANG_WARN_DIRECT_OBJC_ISA_USAGE = YES_ERROR;
				CLANG_WARN_DOCUMENTATION_COMMENTS = YES;
				CLANG_WARN_EMPTY_BODY = YES;
				CLANG_WARN_ENUM_CONVERSION = YES;
				CLANG_WARN_INFINITE_RECURSION = YES;
				CLANG_WARN_INT_CONVERSION = YES;
				CLANG_WARN_NON_LITERAL_NULL_CONVERSION = YES;
				CLANG_WARN_OBJC_IMPLICIT_RETAIN_SELF = YES;
				CLANG_WARN_OBJC_LITERAL_CONVERSION = YES;
				CLANG_WARN_OBJC_ROOT_CLASS = YES_ERROR;
				CLANG_WARN_QUOTED_INCLUDE_IN_FRAMEWORK_HEADER = YES;
				CLANG_WARN_RANGE_LOOP_ANALYSIS = YES;
				CLANG_WARN_STRICT_PROTOTYPES = YES;
				CLANG_WARN_SUSPICIOUS_MOVE = YES;
				CLANG_WARN_UNGUARDED_AVAILABILITY = YES_AGGRESSIVE;
				CLANG_WARN_UNREACHABLE_CODE = YES;
				CLANG_WARN__DUPLICATE_METHOD_MATCH = YES;
				COPY_PHASE_STRIP = NO;
				DEBUG_INFORMATION_FORMAT = dwarf;
				ENABLE_STRICT_OBJC_MSGSEND = YES;
				ENABLE_TESTABILITY = YES;
				GCC_C_LANGUAGE_STANDARD = gnu11;
				GCC_DYNAMIC_NO_PIC = NO;
				GCC_NO_COMMON_BLOCKS = YES;
				GCC_OPTIMIZATION_LEVEL = 0;
				GCC_PREPROCESSOR_DEFINITIONS = (
					"DEBUG=1",
					"$(inherited)",
				);
				GCC_WARN_64_TO_32_BIT_CONVERSION = YES;
				GCC_WARN_ABOUT_RETURN_TYPE = YES_ERROR;
				GCC_WARN_UNDECLARED_SELECTOR = YES;
				GCC_WARN_UNINITIALIZED_AUTOS = YES_AGGRESSIVE;
				GCC_WARN_UNUSED_FUNCTION = YES;
				GCC_WARN_UNUSED_VARIABLE = YES;
				MTL_ENABLE_DEBUG_INFO = INCLUDE_SOURCE;
				MTL_FAST_MATH = YES;
				ONLY_ACTIVE_ARCH = YES;
				SWIFT_ACTIVE_COMPILATION_CONDITIONS = DEBUG;
				SWIFT_OPTIMIZATION_LEVEL = "-Onone";
			};
			name = Debug;
		};
		9785252D25FAB85C002DD243 /* Release */ = {
			isa = XCBuildConfiguration;
			buildSettings = {
				ALWAYS_SEARCH_USER_PATHS = NO;
				CLANG_ANALYZER_NONNULL = YES;
				CLANG_ANALYZER_NUMBER_OBJECT_CONVERSION = YES_AGGRESSIVE;
				CLANG_CXX_LANGUAGE_STANDARD = "gnu++14";
				CLANG_CXX_LIBRARY = "libc++";
				CLANG_ENABLE_MODULES = YES;
				CLANG_ENABLE_OBJC_ARC = YES;
				CLANG_ENABLE_OBJC_WEAK = YES;
				CLANG_WARN_BLOCK_CAPTURE_AUTORELEASING = YES;
				CLANG_WARN_BOOL_CONVERSION = YES;
				CLANG_WARN_COMMA = YES;
				CLANG_WARN_CONSTANT_CONVERSION = YES;
				CLANG_WARN_DEPRECATED_OBJC_IMPLEMENTATIONS = YES;
				CLANG_WARN_DIRECT_OBJC_ISA_USAGE = YES_ERROR;
				CLANG_WARN_DOCUMENTATION_COMMENTS = YES;
				CLANG_WARN_EMPTY_BODY = YES;
				CLANG_WARN_ENUM_CONVERSION = YES;
				CLANG_WARN_INFINITE_RECURSION = YES;
				CLANG_WARN_INT_CONVERSION = YES;
				CLANG_WARN_NON_LITERAL_NULL_CONVERSION = YES;
				CLANG_WARN_OBJC_IMPLICIT_RETAIN_SELF = YES;
				CLANG_WARN_OBJC_LITERAL_CONVERSION = YES;
				CLANG_WARN_OBJC_ROOT_CLASS = YES_ERROR;
				CLANG_WARN_QUOTED_INCLUDE_IN_FRAMEWORK_HEADER = YES;
				CLANG_WARN_RANGE_LOOP_ANALYSIS = YES;
				CLANG_WARN_STRICT_PROTOTYPES = YES;
				CLANG_WARN_SUSPICIOUS_MOVE = YES;
				CLANG_WARN_UNGUARDED_AVAILABILITY = YES_AGGRESSIVE;
				CLANG_WARN_UNREACHABLE_CODE = YES;
				CLANG_WARN__DUPLICATE_METHOD_MATCH = YES;
				COPY_PHASE_STRIP = NO;
				DEBUG_INFORMATION_FORMAT = "dwarf-with-dsym";
				ENABLE_NS_ASSERTIONS = NO;
				ENABLE_STRICT_OBJC_MSGSEND = YES;
				GCC_C_LANGUAGE_STANDARD = gnu11;
				GCC_NO_COMMON_BLOCKS = YES;
				GCC_WARN_64_TO_32_BIT_CONVERSION = YES;
				GCC_WARN_ABOUT_RETURN_TYPE = YES_ERROR;
				GCC_WARN_UNDECLARED_SELECTOR = YES;
				GCC_WARN_UNINITIALIZED_AUTOS = YES_AGGRESSIVE;
				GCC_WARN_UNUSED_FUNCTION = YES;
				GCC_WARN_UNUSED_VARIABLE = YES;
				MTL_ENABLE_DEBUG_INFO = NO;
				MTL_FAST_MATH = YES;
				SWIFT_COMPILATION_MODE = wholemodule;
				SWIFT_OPTIMIZATION_LEVEL = "-O";
			};
			name = Release;
		};
		9785252F25FAB85C002DD243 /* Debug */ = {
			isa = XCBuildConfiguration;
			buildSettings = {
				ASSETCATALOG_COMPILER_APPICON_NAME = AppIcon;
				ASSETCATALOG_COMPILER_GLOBAL_ACCENT_COLOR_NAME = AccentColor;
				CODE_SIGN_STYLE = Automatic;
				ENABLE_PREVIEWS = YES;
				INFOPLIST_FILE = iOS/Info.plist;
				IPHONEOS_DEPLOYMENT_TARGET = 14.0;
				LD_RUNPATH_SEARCH_PATHS = (
					"$(inherited)",
					"@executable_path/Frameworks",
				);
				PRODUCT_BUNDLE_IDENTIFIER = com.charlettabullard.DesignCodeCourse;
				PRODUCT_NAME = DesignCodeCourse;
				SDKROOT = iphoneos;
				SWIFT_VERSION = 5.0;
				TARGETED_DEVICE_FAMILY = "1,2";
			};
			name = Debug;
		};
		9785253025FAB85C002DD243 /* Release */ = {
			isa = XCBuildConfiguration;
			buildSettings = {
				ASSETCATALOG_COMPILER_APPICON_NAME = AppIcon;
				ASSETCATALOG_COMPILER_GLOBAL_ACCENT_COLOR_NAME = AccentColor;
				CODE_SIGN_STYLE = Automatic;
				ENABLE_PREVIEWS = YES;
				INFOPLIST_FILE = iOS/Info.plist;
				IPHONEOS_DEPLOYMENT_TARGET = 14.0;
				LD_RUNPATH_SEARCH_PATHS = (
					"$(inherited)",
					"@executable_path/Frameworks",
				);
				PRODUCT_BUNDLE_IDENTIFIER = com.charlettabullard.DesignCodeCourse;
				PRODUCT_NAME = DesignCodeCourse;
				SDKROOT = iphoneos;
				SWIFT_VERSION = 5.0;
				TARGETED_DEVICE_FAMILY = "1,2";
				VALIDATE_PRODUCT = YES;
			};
			name = Release;
		};
		9785253225FAB85C002DD243 /* Debug */ = {
			isa = XCBuildConfiguration;
			buildSettings = {
				ASSETCATALOG_COMPILER_APPICON_NAME = AppIcon;
				ASSETCATALOG_COMPILER_GLOBAL_ACCENT_COLOR_NAME = AccentColor;
				CODE_SIGN_ENTITLEMENTS = macOS/macOS.entitlements;
				CODE_SIGN_STYLE = Automatic;
				COMBINE_HIDPI_IMAGES = YES;
				ENABLE_PREVIEWS = YES;
				INFOPLIST_FILE = macOS/Info.plist;
				LD_RUNPATH_SEARCH_PATHS = (
					"$(inherited)",
					"@executable_path/../Frameworks",
				);
				MACOSX_DEPLOYMENT_TARGET = 11.0;
				PRODUCT_BUNDLE_IDENTIFIER = com.charlettabullard.DesignCodeCourse;
				PRODUCT_NAME = DesignCodeCourse;
				SDKROOT = macosx;
				SWIFT_VERSION = 5.0;
			};
			name = Debug;
		};
		9785253325FAB85C002DD243 /* Release */ = {
			isa = XCBuildConfiguration;
			buildSettings = {
				ASSETCATALOG_COMPILER_APPICON_NAME = AppIcon;
				ASSETCATALOG_COMPILER_GLOBAL_ACCENT_COLOR_NAME = AccentColor;
				CODE_SIGN_ENTITLEMENTS = macOS/macOS.entitlements;
				CODE_SIGN_STYLE = Automatic;
				COMBINE_HIDPI_IMAGES = YES;
				ENABLE_PREVIEWS = YES;
				INFOPLIST_FILE = macOS/Info.plist;
				LD_RUNPATH_SEARCH_PATHS = (
					"$(inherited)",
					"@executable_path/../Frameworks",
				);
				MACOSX_DEPLOYMENT_TARGET = 11.0;
				PRODUCT_BUNDLE_IDENTIFIER = com.charlettabullard.DesignCodeCourse;
				PRODUCT_NAME = DesignCodeCourse;
				SDKROOT = macosx;
				SWIFT_VERSION = 5.0;
			};
			name = Release;
		};
/* End XCBuildConfiguration section */

/* Begin XCConfigurationList section */
		9785251125FAB859002DD243 /* Build configuration list for PBXProject "DesignCodeCourse" */ = {
			isa = XCConfigurationList;
			buildConfigurations = (
				9785252C25FAB85C002DD243 /* Debug */,
				9785252D25FAB85C002DD243 /* Release */,
			);
			defaultConfigurationIsVisible = 0;
			defaultConfigurationName = Release;
		};
		9785252E25FAB85C002DD243 /* Build configuration list for PBXNativeTarget "DesignCodeCourse (iOS)" */ = {
			isa = XCConfigurationList;
			buildConfigurations = (
				9785252F25FAB85C002DD243 /* Debug */,
				9785253025FAB85C002DD243 /* Release */,
			);
			defaultConfigurationIsVisible = 0;
			defaultConfigurationName = Release;
		};
		9785253125FAB85C002DD243 /* Build configuration list for PBXNativeTarget "DesignCodeCourse (macOS)" */ = {
			isa = XCConfigurationList;
			buildConfigurations = (
				9785253225FAB85C002DD243 /* Debug */,
				9785253325FAB85C002DD243 /* Release */,
			);
			defaultConfigurationIsVisible = 0;
			defaultConfigurationName = Release;
		};
/* End XCConfigurationList section */
	};
	rootObject = 9785250E25FAB859002DD243 /* Project object */;
}
